{
  "name": "querygraph",
  "version": "1.0.0",
  "lockfileVersion": 1,
  "requires": true,
  "dependencies": {
    "chart.js": {
      "version": "3.4.0",
      "resolved": "https://registry.npmjs.org/chart.js/-/chart.js-3.4.0.tgz",
      "integrity": "sha512-mJsRm2apQm5mwz2OgYqGNG4erZh/qljcRZkWSa0kLkFr3UC3e1wKRMgnIh6WdhUrNu0w/JT9PkjLyylqEqHXEQ==",
      "dev": true
    },
    "font-awesome": {
      "version": "4.7.0",
      "resolved": "https://registry.npmjs.org/font-awesome/-/font-awesome-4.7.0.tgz",
      "integrity": "sha1-j6jPBBGhoxr9B7BtKQK7n8gVoTM=",
      "dev": true
    },
    "jquery": {
      "version": "3.6.0",
      "resolved": "https://registry.npmjs.org/jquery/-/jquery-3.6.0.tgz",
      "integrity": "sha512-JVzAR/AjBvVt2BmYhxRCSYysDsPcssdmTFnzyLEts9qNwmjmu4JTAMYubEfwVOSwpQ1I1sKKFcxhZCI2buerfw==",
      "dev": true
    },
    "leaflet": {
      "version": "1.7.1",
      "resolved": "https://registry.npmjs.org/leaflet/-/leaflet-1.7.1.tgz",
      "integrity": "sha512-/xwPEBidtg69Q3HlqPdU3DnrXQOvQU/CCHA1tcDQVzOwm91YMYaILjNp7L4Eaw5Z4sOYdbBz6koWyibppd8Zqw==",
      "dev": true
    },
    "leaflet.markercluster": {
      "version": "1.5.0",
      "resolved": "https://registry.npmjs.org/leaflet.markercluster/-/leaflet.markercluster-1.5.0.tgz",
      "integrity": "sha512-Fvf/cq4o806mJL50n+fZW9+QALDDLPvt7vuAjlD2vfnxx3srMDs2vWINJze4nKYJYRY45OC6tM/669C3pLwMCA==",
      "dev": true
    },
    "vis-network": {
      "version": "9.0.4",
      "resolved": "https://registry.npmjs.org/vis-network/-/vis-network-9.0.4.tgz",
      "integrity": "sha512-F/pq8yBJUuB9lNKXHhtn4GP2h91FV0c2O2nvfU34RX4VCYOlqs+mINdz+J+QkWiYhiPdlVy15gzVEzkhJ9hpaw==",
      "dev": true
    },
    "vis-timeline": {
      "version": "7.4.9",
      "resolved": "https://registry.npmjs.org/vis-timeline/-/vis-timeline-7.4.9.tgz",
      "integrity": "sha512-+Mb829u4Jq9qPhh6EHAa7DRBEwXW0AclaXndxAC7e772oI5pMSAbhbKsQXsPYRPkf9vtac3/US+WPHJQYjGsRA==",
      "dev": true
    }
  }
}
